
Microsoft Visual Studio Solution File, Format Version 12.00
# Visual Studio Version 17
VisualStudioVersion = 17.4.33205.214
MinimumVisualStudioVersion = 10.0.40219.1
Project("{FAE04EC0-301F-11D3-BF4B-00C04F79EFBC}") = "Lab_4", "Lab_4\Lab_4.csproj", "{77C2E811-8D45-4FCA-AC63-68F415695A4B}"
EndProject
Global
	GlobalSection(SolutionConfigurationPlatforms) = preSolution
		Debug|Any CPU = Debug|Any CPU
		Release|Any CPU = Release|Any CPU
	EndGlobalSection
	GlobalSection(ProjectConfigurationPlatforms) = postSolution
		{77C2E811-8D45-4FCA-AC63-68F415695A4B}.Debug|Any CPU.ActiveCfg = Debug|Any CPU
		{77C2E811-8D45-4FCA-AC63-68F415695A4B}.Debug|Any CPU.Build.0 = Debug|Any CPU
		{77C2E811-8D45-4FCA-AC63-68F415695A4B}.Release|Any CPU.ActiveCfg = Release|Any CPU
		{77C2E811-8D45-4FCA-AC63-68F415695A4B}.Release|Any CPU.Build.0 = Release|Any CPU
	EndGlobalSection
	GlobalSection(SolutionProperties) = preSolution
		HideSolutionNode = FALSE
	EndGlobalSection
	GlobalSection(ExtensibilityGlobals) = postSolution
		SolutionGuid = {D18D2800-1003-46D3-B838-C2AE22E3B708}
	EndGlobalSection
EndGlobal
